// !$*UTF8*$!
{
	archiveVersion = 1;
	classes = {
	};
	objectVersion = 46;
	objects = {

/* Begin PBXBuildFile section */
		234B8C211B78CD36001D4060 /* circle.yml in Resources */ = {isa = PBXBuildFile; fileRef = 234B8C201B78CD36001D4060 /* circle.yml */; };
		239590D51B5F7D3A00BBCBFC /* main.m in Sources */ = {isa = PBXBuildFile; fileRef = 239590D41B5F7D3A00BBCBFC /* main.m */; };
		239590D81B5F7D3A00BBCBFC /* AppDelegate.m in Sources */ = {isa = PBXBuildFile; fileRef = 239590D71B5F7D3A00BBCBFC /* AppDelegate.m */; };
		239590DB1B5F7D3A00BBCBFC /* ViewController.m in Sources */ = {isa = PBXBuildFile; fileRef = 239590DA1B5F7D3A00BBCBFC /* ViewController.m */; };
		239590DE1B5F7D3A00BBCBFC /* Main.storyboard in Resources */ = {isa = PBXBuildFile; fileRef = 239590DC1B5F7D3A00BBCBFC /* Main.storyboard */; };
		239590E01B5F7D3A00BBCBFC /* Images.xcassets in Resources */ = {isa = PBXBuildFile; fileRef = 239590DF1B5F7D3A00BBCBFC /* Images.xcassets */; };
		239590E31B5F7D3A00BBCBFC /* LaunchScreen.xib in Resources */ = {isa = PBXBuildFile; fileRef = 239590E11B5F7D3A00BBCBFC /* LaunchScreen.xib */; };
		239590EF1B5F7D3A00BBCBFC /* UnitTestTestTests.m in Sources */ = {isa = PBXBuildFile; fileRef = 239590EE1B5F7D3A00BBCBFC /* UnitTestTestTests.m */; };
/* End PBXBuildFile section */

/* Begin PBXContainerItemProxy section */
		239590E91B5F7D3A00BBCBFC /* PBXContainerItemProxy */ = {
			isa = PBXContainerItemProxy;
			containerPortal = 239590C71B5F7D3A00BBCBFC /* Project object */;
			proxyType = 1;
			remoteGlobalIDString = 239590CE1B5F7D3A00BBCBFC;
			remoteInfo = UnitTestTest;
		};
/* End PBXContainerItemProxy section */

/* Begin PBXFileReference section */
		234B8C201B78CD36001D4060 /* circle.yml */ = {isa = PBXFileReference; fileEncoding = 4; lastKnownFileType = text; path = circle.yml; sourceTree = SOURCE_ROOT; };
		239590CF1B5F7D3A00BBCBFC /* UnitTestTest.app */ = {isa = PBXFileReference; explicitFileType = wrapper.application; includeInIndex = 0; path = UnitTestTest.app; sourceTree = BUILT_PRODUCTS_DIR; };
		239590D31B5F7D3A00BBCBFC /* Info.plist */ = {isa = PBXFileReference; lastKnownFileType = text.plist.xml; path = Info.plist; sourceTree = "<group>"; };
		239590D41B5F7D3A00BBCBFC /* main.m */ = {isa = PBXFileReference; lastKnownFileType = sourcecode.c.objc; path = main.m; sourceTree = "<group>"; };
		239590D61B5F7D3A00BBCBFC /* AppDelegate.h */ = {isa = PBXFileReference; lastKnownFileType = sourcecode.c.h; path = AppDelegate.h; sourceTree = "<group>"; };
		239590D71B5F7D3A00BBCBFC /* AppDelegate.m */ = {isa = PBXFileReference; lastKnownFileType = sourcecode.c.objc; path = AppDelegate.m; sourceTree = "<group>"; };
		239590D91B5F7D3A00BBCBFC /* ViewController.h */ = {isa = PBXFileReference; lastKnownFileType = sourcecode.c.h; path = ViewController.h; sourceTree = "<group>"; };
		239590DA1B5F7D3A00BBCBFC /* ViewController.m */ = {isa = PBXFileReference; lastKnownFileType = sourcecode.c.objc; path = ViewController.m; sourceTree = "<group>"; };
		239590DD1B5F7D3A00BBCBFC /* Base */ = {isa = PBXFileReference; lastKnownFileType = file.storyboard; name = Base; path = Base.lproj/Main.storyboard; sourceTree = "<group>"; };
		239590DF1B5F7D3A00BBCBFC /* Images.xcassets */ = {isa = PBXFileReference; lastKnownFileType = folder.assetcatalog; path = Images.xcassets; sourceTree = "<group>"; };
		239590E21B5F7D3A00BBCBFC /* Base */ = {isa = PBXFileReference; lastKnownFileType = file.xib; name = Base; path = Base.lproj/LaunchScreen.xib; sourceTree = "<group>"; };
		239590E81B5F7D3A00BBCBFC /* UnitTestTestTests.xctest */ = {isa = PBXFileReference; explicitFileType = wrapper.cfbundle; includeInIndex = 0; path = UnitTestTestTests.xctest; sourceTree = BUILT_PRODUCTS_DIR; };
		239590ED1B5F7D3A00BBCBFC /* Info.plist */ = {isa = PBXFileReference; lastKnownFileType = text.plist.xml; path = Info.plist; sourceTree = "<group>"; };
		239590EE1B5F7D3A00BBCBFC /* UnitTestTestTests.m */ = {isa = PBXFileReference; lastKnownFileType = sourcecode.c.objc; path = UnitTestTestTests.m; sourceTree = "<group>"; };
/* End PBXFileReference section */

/* Begin PBXFrameworksBuildPhase section */
		239590CC1B5F7D3A00BBCBFC /* Frameworks */ = {
			isa = PBXFrameworksBuildPhase;
			buildActionMask = 2147483647;
			files = (
			);
			runOnlyForDeploymentPostprocessing = 0;
		};
		239590E51B5F7D3A00BBCBFC /* Frameworks */ = {
			isa = PBXFrameworksBuildPhase;
			buildActionMask = 2147483647;
			files = (
			);
			runOnlyForDeploymentPostprocessing = 0;
		};
/* End PBXFrameworksBuildPhase section */

/* Begin PBXGroup section */
		239590C61B5F7D3A00BBCBFC = {
			isa = PBXGroup;
			children = (
				239590D11B5F7D3A00BBCBFC /* UnitTestTest */,
				239590EB1B5F7D3A00BBCBFC /* UnitTestTestTests */,
				239590D01B5F7D3A00BBCBFC /* Products */,
			);
			sourceTree = "<group>";
		};
		239590D01B5F7D3A00BBCBFC /* Products */ = {
			isa = PBXGroup;
			children = (
				239590CF1B5F7D3A00BBCBFC /* UnitTestTest.app */,
				239590E81B5F7D3A00BBCBFC /* UnitTestTestTests.xctest */,
			);
			name = Products;
			sourceTree = "<group>";
		};
		239590D11B5F7D3A00BBCBFC /* UnitTestTest */ = {
			isa = PBXGroup;
			children = (
				239590D61B5F7D3A00BBCBFC /* AppDelegate.h */,
				239590D71B5F7D3A00BBCBFC /* AppDelegate.m */,
				239590D91B5F7D3A00BBCBFC /* ViewController.h */,
				239590DA1B5F7D3A00BBCBFC /* ViewController.m */,
				239590DC1B5F7D3A00BBCBFC /* Main.storyboard */,
				239590DF1B5F7D3A00BBCBFC /* Images.xcassets */,
				239590E11B5F7D3A00BBCBFC /* LaunchScreen.xib */,
				234B8C201B78CD36001D4060 /* circle.yml */,
				239590D21B5F7D3A00BBCBFC /* Supporting Files */,
			);
			path = UnitTestTest;
			sourceTree = "<group>";
		};
		239590D21B5F7D3A00BBCBFC /* Supporting Files */ = {
			isa = PBXGroup;
			children = (
				239590D31B5F7D3A00BBCBFC /* Info.plist */,
				239590D41B5F7D3A00BBCBFC /* main.m */,
			);
			name = "Supporting Files";
			sourceTree = "<group>";
		};
		239590EB1B5F7D3A00BBCBFC /* UnitTestTestTests */ = {
			isa = PBXGroup;
			children = (
				239590EE1B5F7D3A00BBCBFC /* UnitTestTestTests.m */,
				239590EC1B5F7D3A00BBCBFC /* Supporting Files */,
			);
			path = UnitTestTestTests;
			sourceTree = "<group>";
		};
		239590EC1B5F7D3A00BBCBFC /* Supporting Files */ = {
			isa = PBXGroup;
			children = (
				239590ED1B5F7D3A00BBCBFC /* Info.plist */,
			);
			name = "Supporting Files";
			sourceTree = "<group>";
		};
/* End PBXGroup section */

/* Begin PBXNativeTarget section */
		239590CE1B5F7D3A00BBCBFC /* UnitTestTest */ = {
			isa = PBXNativeTarget;
			buildConfigurationList = 239590F21B5F7D3A00BBCBFC /* Build configuration list for PBXNativeTarget "UnitTestTest" */;
			buildPhases = (
				239590CB1B5F7D3A00BBCBFC /* Sources */,
				239590CC1B5F7D3A00BBCBFC /* Frameworks */,
				239590CD1B5F7D3A00BBCBFC /* Resources */,
			);
			buildRules = (
			);
			dependencies = (
			);
			name = UnitTestTest;
			productName = UnitTestTest;
			productReference = 239590CF1B5F7D3A00BBCBFC /* UnitTestTest.app */;
			productType = "com.apple.product-type.application";
		};
		239590E71B5F7D3A00BBCBFC /* UnitTestTestTests */ = {
			isa = PBXNativeTarget;
			buildConfigurationList = 239590F51B5F7D3A00BBCBFC /* Build configuration list for PBXNativeTarget "UnitTestTestTests" */;
			buildPhases = (
				239590E41B5F7D3A00BBCBFC /* Sources */,
				239590E51B5F7D3A00BBCBFC /* Frameworks */,
				239590E61B5F7D3A00BBCBFC /* Resources */,
			);
			buildRules = (
			);
			dependencies = (
				239590EA1B5F7D3A00BBCBFC /* PBXTargetDependency */,
			);
			name = UnitTestTestTests;
			productName = UnitTestTestTests;
			productReference = 239590E81B5F7D3A00BBCBFC /* UnitTestTestTests.xctest */;
			productType = "com.apple.product-type.bundle.unit-test";
		};
/* End PBXNativeTarget section */

/* Begin PBXProject section */
		239590C71B5F7D3A00BBCBFC /* Project object */ = {
			isa = PBXProject;
			attributes = {
				LastUpgradeCheck = 0640;
				ORGANIZATIONNAME = "Constantin Jacob";
				TargetAttributes = {
					239590CE1B5F7D3A00BBCBFC = {
						CreatedOnToolsVersion = 6.4;
					};
					239590E71B5F7D3A00BBCBFC = {
						CreatedOnToolsVersion = 6.4;
						TestTargetID = 239590CE1B5F7D3A00BBCBFC;
					};
				};
			};
			buildConfigurationList = 239590CA1B5F7D3A00BBCBFC /* Build configuration list for PBXProject "UnitTestTest" */;
			compatibilityVersion = "Xcode 3.2";
			developmentRegion = English;
			hasScannedForEncodings = 0;
			knownRegions = (
				en,
				Base,
			);
			mainGroup = 239590C61B5F7D3A00BBCBFC;
			productRefGroup = 239590D01B5F7D3A00BBCBFC /* Products */;
			projectDirPath = "";
			projectRoot = "";
			targets = (
				239590CE1B5F7D3A00BBCBFC /* UnitTestTest */,
				239590E71B5F7D3A00BBCBFC /* UnitTestTestTests */,
			);
		};
/* End PBXProject section */

/* Begin PBXResourcesBuildPhase section */
		239590CD1B5F7D3A00BBCBFC /* Resources */ = {
			isa = PBXResourcesBuildPhase;
			buildActionMask = 2147483647;
			files = (
				234B8C211B78CD36001D4060 /* circle.yml in Resources */,
				239590DE1B5F7D3A00BBCBFC /* Main.storyboard in Resources */,
				239590E31B5F7D3A00BBCBFC /* LaunchScreen.xib in Resources */,
				239590E01B5F7D3A00BBCBFC /* Images.xcassets in Resources */,
			);
			runOnlyForDeploymentPostprocessing = 0;
		};
		239590E61B5F7D3A00BBCBFC /* Resources */ = {
			isa = PBXResourcesBuildPhase;
			buildActionMask = 2147483647;
			files = (
			);
			runOnlyForDeploymentPostprocessing = 0;
		};
/* End PBXResourcesBuildPhase section */

/* Begin PBXSourcesBuildPhase section */
		239590CB1B5F7D3A00BBCBFC /* Sources */ = {
			isa = PBXSourcesBuildPhase;
			buildActionMask = 2147483647;
			files = (
				239590DB1B5F7D3A00BBCBFC /* ViewController.m in Sources */,
				239590D81B5F7D3A00BBCBFC /* AppDelegate.m in Sources */,
				239590D51B5F7D3A00BBCBFC /* main.m in Sources */,
			);
			runOnlyForDeploymentPostprocessing = 0;
		};
		239590E41B5F7D3A00BBCBFC /* Sources */ = {
			isa = PBXSourcesBuildPhase;
			buildActionMask = 2147483647;
			files = (
				239590EF1B5F7D3A00BBCBFC /* UnitTestTestTests.m in Sources */,
			);
			runOnlyForDeploymentPostprocessing = 0;
		};
/* End PBXSourcesBuildPhase section */

/* Begin PBXTargetDependency section */
		239590EA1B5F7D3A00BBCBFC /* PBXTargetDependency */ = {
			isa = PBXTargetDependency;
			target = 239590CE1B5F7D3A00BBCBFC /* UnitTestTest */;
			targetProxy = 239590E91B5F7D3A00BBCBFC /* PBXContainerItemProxy */;
		};
/* End PBXTargetDependency section */

/* Begin PBXVariantGroup section */
		239590DC1B5F7D3A00BBCBFC /* Main.storyboard */ = {
			isa = PBXVariantGroup;
			children = (
				239590DD1B5F7D3A00BBCBFC /* Base */,
			);
			name = Main.storyboard;
			sourceTree = "<group>";
		};
		239590E11B5F7D3A00BBCBFC /* LaunchScreen.xib */ = {
			isa = PBXVariantGroup;
			children = (
				239590E21B5F7D3A00BBCBFC /* Base */,
			);
			name = LaunchScreen.xib;
			sourceTree = "<group>";
		};
/* End PBXVariantGroup section */

/* Begin XCBuildConfiguration section */
		239590F01B5F7D3A00BBCBFC /* Debug */ = {
			isa = XCBuildConfiguration;
			buildSettings = {
				ALWAYS_SEARCH_USER_PATHS = NO;
				CLANG_CXX_LANGUAGE_STANDARD = "gnu++0x";
				CLANG_CXX_LIBRARY = "libc++";
				CLANG_ENABLE_MODULES = YES;
				CLANG_ENABLE_OBJC_ARC = YES;
				CLANG_WARN_BOOL_CONVERSION = YES;
				CLANG_WARN_CONSTANT_CONVERSION = YES;
				CLANG_WARN_DIRECT_OBJC_ISA_USAGE = YES_ERROR;
				CLANG_WARN_EMPTY_BODY = YES;
				CLANG_WARN_ENUM_CONVERSION = YES;
				CLANG_WARN_INT_CONVERSION = YES;
				CLANG_WARN_OBJC_ROOT_CLASS = YES_ERROR;
				CLANG_WARN_UNREACHABLE_CODE = YES;
				CLANG_WARN__DUPLICATE_METHOD_MATCH = YES;
				"CODE_SIGN_IDENTITY[sdk=iphoneos*]" = "iPhone Developer";
				COPY_PHASE_STRIP = NO;
				DEBUG_INFORMATION_FORMAT = "dwarf-with-dsym";
				ENABLE_STRICT_OBJC_MSGSEND = YES;
				GCC_C_LANGUAGE_STANDARD = gnu99;
				GCC_DYNAMIC_NO_PIC = NO;
				GCC_NO_COMMON_BLOCKS = YES;
				GCC_OPTIMIZATION_LEVEL = 0;
				GCC_PREPROCESSOR_DEFINITIONS = (
					"DEBUG=1",
					"$(inherited)",
				);
				GCC_SYMBOLS_PRIVATE_EXTERN = NO;
				GCC_WARN_64_TO_32_BIT_CONVERSION = YES;
				GCC_WARN_ABOUT_RETURN_TYPE = YES_ERROR;
				GCC_WARN_UNDECLARED_SELECTOR = YES;
				GCC_WARN_UNINITIALIZED_AUTOS = YES_AGGRESSIVE;
				GCC_WARN_UNUSED_FUNCTION = YES;
				GCC_WARN_UNUSED_VARIABLE = YES;
				IPHONEOS_DEPLOYMENT_TARGET = 8.4;
				MTL_ENABLE_DEBUG_INFO = YES;
				ONLY_ACTIVE_ARCH = YES;
				SDKROOT = iphoneos;
			};
			name = Debug;
		};
		239590F11B5F7D3A00BBCBFC /* Release */ = {
			isa = XCBuildConfiguration;
			buildSettings = {
				ALWAYS_SEARCH_USER_PATHS = NO;
				CLANG_CXX_LANGUAGE_STANDARD = "gnu++0x";
				CLANG_CXX_LIBRARY = "libc++";
				CLANG_ENABLE_MODULES = YES;
				CLANG_ENABLE_OBJC_ARC = YES;
				CLANG_WARN_BOOL_CONVERSION = YES;
				CLANG_WARN_CONSTANT_CONVERSION = YES;
				CLANG_WARN_DIRECT_OBJC_ISA_USAGE = YES_ERROR;
				CLANG_WARN_EMPTY_BODY = YES;
				CLANG_WARN_ENUM_CONVERSION = YES;
				CLANG_WARN_INT_CONVERSION = YES;
				CLANG_WARN_OBJC_ROOT_CLASS = YES_ERROR;
				CLANG_WARN_UNREACHABLE_CODE = YES;
				CLANG_WARN__DUPLICATE_METHOD_MATCH = YES;
				"CODE_SIGN_IDENTITY[sdk=iphoneos*]" = "iPhone Developer";
				COPY_PHASE_STRIP = NO;
				DEBUG_INFORMATION_FORMAT = "dwarf-with-dsym";
				ENABLE_NS_ASSERTIONS = NO;
				ENABLE_STRICT_OBJC_MSGSEND = YES;
				GCC_C_LANGUAGE_STANDARD = gnu99;
				GCC_NO_COMMON_BLOCKS = YES;
				GCC_WARN_64_TO_32_BIT_CONVERSION = YES;
				GCC_WARN_ABOUT_RETURN_TYPE = YES_ERROR;
				GCC_WARN_UNDECLARED_SELECTOR = YES;
				GCC_WARN_UNINITIALIZED_AUTOS = YES_AGGRESSIVE;
				GCC_WARN_UNUSED_FUNCTION = YES;
				GCC_WARN_UNUSED_VARIABLE = YES;
				IPHONEOS_DEPLOYMENT_TARGET = 8.4;
				MTL_ENABLE_DEBUG_INFO = NO;
				SDKROOT = iphoneos;
				VALIDATE_PRODUCT = YES;
			};
			name = Release;
		};
		239590F31B5F7D3A00BBCBFC /* Debug */ = {
			isa = XCBuildConfiguration;
			buildSettings = {
				ASSETCATALOG_COMPILER_APPICON_NAME = AppIcon;
				INFOPLIST_FILE = UnitTestTest/Info.plist;
				LD_RUNPATH_SEARCH_PATHS = "$(inherited) @executable_path/Frameworks";
				PRODUCT_NAME = "$(TARGET_NAME)";
				SDKROOT = iphoneos8.3;
			};
			name = Debug;
		};
		239590F41B5F7D3A00BBCBFC /* Release */ = {
			isa = XCBuildConfiguration;
			buildSettings = {
				ASSETCATALOG_COMPILER_APPICON_NAME = AppIcon;
				INFOPLIST_FILE = UnitTestTest/Info.plist;
				LD_RUNPATH_SEARCH_PATHS = "$(inherited) @executable_path/Frameworks";
				PRODUCT_NAME = "$(TARGET_NAME)";
				SDKROOT = iphoneos8.3;
			};
			name = Release;
		};
		239590F61B5F7D3A00BBCBFC /* Debug */ = {
			isa = XCBuildConfiguration;
			buildSettings = {
				BUNDLE_LOADER = "$(TEST_HOST)";
				FRAMEWORK_SEARCH_PATHS = (
					"$(SDKROOT)/Developer/Library/Frameworks",
					"$(inherited)",
				);
				GCC_PREPROCESSOR_DEFINITIONS = (
					"DEBUG=1",
					"$(inherited)",
				);
				INFOPLIST_FILE = UnitTestTestTests/Info.plist;
				LD_RUNPATH_SEARCH_PATHS = "$(inherited) @executable_path/Frameworks @loader_path/Frameworks";
				PRODUCT_NAME = "$(TARGET_NAME)";
				TEST_HOST = "$(BUILT_PRODUCTS_DIR)/UnitTestTest.app/UnitTestTest";
			};
			name = Debug;
		};
		239590F71B5F7D3A00BBCBFC /* Release */ = {
			isa = XCBuildConfiguration;
			buildSettings = {
				BUNDLE_LOADER = "$(TEST_HOST)";
				FRAMEWORK_SEARCH_PATHS = (
					"$(SDKROOT)/Developer/Library/Frameworks",
					"$(inherited)",
				);
				INFOPLIST_FILE = UnitTestTestTests/Info.plist;
				LD_RUNPATH_SEARCH_PATHS = "$(inherited) @executable_path/Frameworks @loader_path/Frameworks";
				PRODUCT_NAME = "$(TARGET_NAME)";
				TEST_HOST = "$(BUILT_PRODUCTS_DIR)/UnitTestTest.app/UnitTestTest";
			};
			name = Release;
		};
/* End XCBuildConfiguration section */

/* Begin XCConfigurationList section */
		239590CA1B5F7D3A00BBCBFC /* Build configuration list for PBXProject "UnitTestTest" */ = {
			isa = XCConfigurationList;
			buildConfigurations = (
				239590F01B5F7D3A00BBCBFC /* Debug */,
				239590F11B5F7D3A00BBCBFC /* Release */,
			);
			defaultConfigurationIsVisible = 0;
			defaultConfigurationName = Release;
		};
		239590F21B5F7D3A00BBCBFC /* Build configuration list for PBXNativeTarget "UnitTestTest" */ = {
			isa = XCConfigurationList;
			buildConfigurations = (
				239590F31B5F7D3A00BBCBFC /* Debug */,
				239590F41B5F7D3A00BBCBFC /* Release */,
			);
			defaultConfigurationIsVisible = 0;
			defaultConfigurationName = Release;
		};
		239590F51B5F7D3A00BBCBFC /* Build configuration list for PBXNativeTarget "UnitTestTestTests" */ = {
			isa = XCConfigurationList;
			buildConfigurations = (
				239590F61B5F7D3A00BBCBFC /* Debug */,
				239590F71B5F7D3A00BBCBFC /* Release */,
			);
			defaultConfigurationIsVisible = 0;
			defaultConfigurationName = Release;
		};
/* End XCConfigurationList section */
	};
	rootObject = 239590C71B5F7D3A00BBCBFC /* Project object */;
}
